
Microsoft Visual Studio Solution File, Format Version 12.00
# Visual Studio Version 16
VisualStudioVersion = 16.0.30804.86
MinimumVisualStudioVersion = 10.0.40219.1
Project("{FAE04EC0-301F-11D3-BF4B-00C04F79EFBC}") = "ToDoBlazorApp", "ToDoBlazorApp.csproj", "{071A38CE-91EC-4BDB-A36D-928869C0EAC9}"
EndProject
Global
	GlobalSection(SolutionConfigurationPlatforms) = preSolution
		Debug|Any CPU = Debug|Any CPU
		Release|Any CPU = Release|Any CPU
	EndGlobalSection
	GlobalSection(ProjectConfigurationPlatforms) = postSolution
		{071A38CE-91EC-4BDB-A36D-928869C0EAC9}.Debug|Any CPU.ActiveCfg = Debug|Any CPU
		{071A38CE-91EC-4BDB-A36D-928869C0EAC9}.Debug|Any CPU.Build.0 = Debug|Any CPU
		{071A38CE-91EC-4BDB-A36D-928869C0EAC9}.Release|Any CPU.ActiveCfg = Release|Any CPU
		{071A38CE-91EC-4BDB-A36D-928869C0EAC9}.Release|Any CPU.Build.0 = Release|Any CPU
	EndGlobalSection
	GlobalSection(SolutionProperties) = preSolution
		HideSolutionNode = FALSE
	EndGlobalSection
	GlobalSection(ExtensibilityGlobals) = postSolution
		SolutionGuid = {E5D5E293-6588-48DF-9874-335A825B22AF}
	EndGlobalSection
EndGlobal
