
Microsoft Visual Studio Solution File, Format Version 12.00
# Visual Studio Version 16
VisualStudioVersion = 16.0.30804.86
MinimumVisualStudioVersion = 10.0.40219.1
Project("{FAE04EC0-301F-11D3-BF4B-00C04F79EFBC}") = "TodoApi", "TodoApi.csproj", "{42631BDF-5E21-4E3D-8380-F7E784DD2165}"
EndProject
Global
	GlobalSection(SolutionConfigurationPlatforms) = preSolution
		Debug|Any CPU = Debug|Any CPU
		Release|Any CPU = Release|Any CPU
	EndGlobalSection
	GlobalSection(ProjectConfigurationPlatforms) = postSolution
		{42631BDF-5E21-4E3D-8380-F7E784DD2165}.Debug|Any CPU.ActiveCfg = Debug|Any CPU
		{42631BDF-5E21-4E3D-8380-F7E784DD2165}.Debug|Any CPU.Build.0 = Debug|Any CPU
		{42631BDF-5E21-4E3D-8380-F7E784DD2165}.Release|Any CPU.ActiveCfg = Release|Any CPU
		{42631BDF-5E21-4E3D-8380-F7E784DD2165}.Release|Any CPU.Build.0 = Release|Any CPU
	EndGlobalSection
	GlobalSection(SolutionProperties) = preSolution
		HideSolutionNode = FALSE
	EndGlobalSection
	GlobalSection(ExtensibilityGlobals) = postSolution
		SolutionGuid = {0E31F2E4-4908-44A3-BA71-04AB7CE6A9E2}
	EndGlobalSection
EndGlobal
