
Microsoft Visual Studio Solution File, Format Version 12.00
# Visual Studio Version 16
VisualStudioVersion = 16.0.30804.86
MinimumVisualStudioVersion = 10.0.40219.1
Project("{FAE04EC0-301F-11D3-BF4B-00C04F79EFBC}") = "BlazorSignalRApp.Server", "Server\BlazorSignalRApp.Server.csproj", "{42FA6DC8-A129-41FD-BDF0-B5E3777265AE}"
EndProject
Project("{FAE04EC0-301F-11D3-BF4B-00C04F79EFBC}") = "BlazorSignalRApp.Client", "Client\BlazorSignalRApp.Client.csproj", "{AD344115-E0FC-4A2C-9125-2C115BBE3666}"
EndProject
Project("{FAE04EC0-301F-11D3-BF4B-00C04F79EFBC}") = "BlazorSignalRApp.Shared", "Shared\BlazorSignalRApp.Shared.csproj", "{73F9B0C6-F022-4840-ABFF-E0DD1DB4D55A}"
EndProject
Global
	GlobalSection(SolutionConfigurationPlatforms) = preSolution
		Debug|Any CPU = Debug|Any CPU
		Release|Any CPU = Release|Any CPU
	EndGlobalSection
	GlobalSection(ProjectConfigurationPlatforms) = postSolution
		{42FA6DC8-A129-41FD-BDF0-B5E3777265AE}.Debug|Any CPU.ActiveCfg = Debug|Any CPU
		{42FA6DC8-A129-41FD-BDF0-B5E3777265AE}.Debug|Any CPU.Build.0 = Debug|Any CPU
		{42FA6DC8-A129-41FD-BDF0-B5E3777265AE}.Release|Any CPU.ActiveCfg = Release|Any CPU
		{42FA6DC8-A129-41FD-BDF0-B5E3777265AE}.Release|Any CPU.Build.0 = Release|Any CPU
		{AD344115-E0FC-4A2C-9125-2C115BBE3666}.Debug|Any CPU.ActiveCfg = Debug|Any CPU
		{AD344115-E0FC-4A2C-9125-2C115BBE3666}.Debug|Any CPU.Build.0 = Debug|Any CPU
		{AD344115-E0FC-4A2C-9125-2C115BBE3666}.Release|Any CPU.ActiveCfg = Release|Any CPU
		{AD344115-E0FC-4A2C-9125-2C115BBE3666}.Release|Any CPU.Build.0 = Release|Any CPU
		{73F9B0C6-F022-4840-ABFF-E0DD1DB4D55A}.Debug|Any CPU.ActiveCfg = Debug|Any CPU
		{73F9B0C6-F022-4840-ABFF-E0DD1DB4D55A}.Debug|Any CPU.Build.0 = Debug|Any CPU
		{73F9B0C6-F022-4840-ABFF-E0DD1DB4D55A}.Release|Any CPU.ActiveCfg = Release|Any CPU
		{73F9B0C6-F022-4840-ABFF-E0DD1DB4D55A}.Release|Any CPU.Build.0 = Release|Any CPU
	EndGlobalSection
	GlobalSection(SolutionProperties) = preSolution
		HideSolutionNode = FALSE
	EndGlobalSection
	GlobalSection(ExtensibilityGlobals) = postSolution
		SolutionGuid = {BAAB8439-18B2-4A88-8C4D-2E7F5E01A659}
	EndGlobalSection
EndGlobal
